{
  "object": {
    "pins": [
      {
        "package": "CareKit",
        "repositoryURL": "git@github.com:carekit-apple/CareKit-Private.git",
        "state": {
          "branch": "ibm-hyperprotect-sdk",
          "revision": "486a22ffea80f4258049faa2aa4eab0669f1004b",
          "version": null
        }
      }
    ]
  },
  "version": 1
}
