{
  "object": {
    "pins": [
      {
        "package": "CareKit",
        "repositoryURL": "git@github.com:carekit-apple/CareKit-Private.git",
        "state": {
          "branch": "ibm-hyperprotect-sdk",
          "revision": "5ed7bf85e772e89b1a0a13231ae674ee2e398b6e",
          "version": null
        }
      }
    ]
  },
  "version": 1
}
