{
  "object": {
    "pins": [
      {
        "package": "CareKit",
        "repositoryURL": "git@github.com:carekit-apple/CareKit-Private.git",
        "state": {
          "branch": "ibm-hyperprotect-sdk",
          "revision": "a4e6d6f9f50000c9723851d151dde768fd8b0353",
          "version": null
        }
      }
    ]
  },
  "version": 1
}
