// !$*UTF8*$!
{
	archiveVersion = 1;
	classes = {
	};
	objectVersion = 50;
	objects = {

/* Begin PBXBuildFile section */
		035EF90324196924005E2943 /* AppDelegate.swift in Sources */ = {isa = PBXBuildFile; fileRef = 035EF90224196924005E2943 /* AppDelegate.swift */; };
		035EF90524196924005E2943 /* SceneDelegate.swift in Sources */ = {isa = PBXBuildFile; fileRef = 035EF90424196924005E2943 /* SceneDelegate.swift */; };
		035EF90924196927005E2943 /* Assets.xcassets in Resources */ = {isa = PBXBuildFile; fileRef = 035EF90824196927005E2943 /* Assets.xcassets */; };
		035EF90C24196927005E2943 /* Preview Assets.xcassets in Resources */ = {isa = PBXBuildFile; fileRef = 035EF90B24196927005E2943 /* Preview Assets.xcassets */; };
		035EF90F24196927005E2943 /* LaunchScreen.storyboard in Resources */ = {isa = PBXBuildFile; fileRef = 035EF90D24196927005E2943 /* LaunchScreen.storyboard */; };
		035EF91F24196A53005E2943 /* CareViewController.swift in Sources */ = {isa = PBXBuildFile; fileRef = 035EF91E24196A53005E2943 /* CareViewController.swift */; };
		03EEB926241980AD002FA74E /* CareKit.framework in Frameworks */ = {isa = PBXBuildFile; fileRef = 03732F5C24197F4E00A4613F /* CareKit.framework */; };
		03EEB927241980AD002FA74E /* CareKit.framework in Embed Frameworks */ = {isa = PBXBuildFile; fileRef = 03732F5C24197F4E00A4613F /* CareKit.framework */; settings = {ATTRIBUTES = (CodeSignOnCopy, RemoveHeadersOnCopy, ); }; };
		03EEB928241980AD002FA74E /* CareKitStore.framework in Frameworks */ = {isa = PBXBuildFile; fileRef = 03732F6524197F5400A4613F /* CareKitStore.framework */; };
		03EEB929241980AD002FA74E /* CareKitStore.framework in Embed Frameworks */ = {isa = PBXBuildFile; fileRef = 03732F6524197F5400A4613F /* CareKitStore.framework */; settings = {ATTRIBUTES = (CodeSignOnCopy, RemoveHeadersOnCopy, ); }; };
		03EEB92A241980AD002FA74E /* CareKitUI.framework in Frameworks */ = {isa = PBXBuildFile; fileRef = 03732F6E24197F5B00A4613F /* CareKitUI.framework */; };
		03EEB92B241980AD002FA74E /* CareKitUI.framework in Embed Frameworks */ = {isa = PBXBuildFile; fileRef = 03732F6E24197F5B00A4613F /* CareKitUI.framework */; settings = {ATTRIBUTES = (CodeSignOnCopy, RemoveHeadersOnCopy, ); }; };
		03EEB936241985D2002FA74E /* SyncViewController.swift in Sources */ = {isa = PBXBuildFile; fileRef = 03EEB935241985D2002FA74E /* SyncViewController.swift */; };
		03FEA6F8244FB36000834C2C /* IBMMongoRemote.swift in Sources */ = {isa = PBXBuildFile; fileRef = 03FEA6F0244FB36000834C2C /* IBMMongoRemote.swift */; };
		03FEA6F9244FB36000834C2C /* HTTPStatusCode.swift in Sources */ = {isa = PBXBuildFile; fileRef = 03FEA6F1244FB36000834C2C /* HTTPStatusCode.swift */; };
/* End PBXBuildFile section */

/* Begin PBXContainerItemProxy section */
		03732F5B24197F4E00A4613F /* PBXContainerItemProxy */ = {
			isa = PBXContainerItemProxy;
			containerPortal = 03732F5424197F4E00A4613F /* CareKit.xcodeproj */;
			proxyType = 2;
			remoteGlobalIDString = 8605A5BA1C4F04EC00DD65FF;
			remoteInfo = CareKit;
		};
		03732F5D24197F4E00A4613F /* PBXContainerItemProxy */ = {
			isa = PBXContainerItemProxy;
			containerPortal = 03732F5424197F4E00A4613F /* CareKit.xcodeproj */;
			proxyType = 2;
			remoteGlobalIDString = 5196C7F9226F8F8F00F1C2A2;
			remoteInfo = CareKitTests;
		};
		03732F6424197F5400A4613F /* PBXContainerItemProxy */ = {
			isa = PBXContainerItemProxy;
			containerPortal = 03732F5F24197F5400A4613F /* CareKitStore.xcodeproj */;
			proxyType = 2;
			remoteGlobalIDString = E784B8F82232EED600736CA5;
			remoteInfo = CareKitStore;
		};
		03732F6624197F5400A4613F /* PBXContainerItemProxy */ = {
			isa = PBXContainerItemProxy;
			containerPortal = 03732F5F24197F5400A4613F /* CareKitStore.xcodeproj */;
			proxyType = 2;
			remoteGlobalIDString = E784B9012232EED600736CA5;
			remoteInfo = CareKitStoreTests;
		};
		03732F6D24197F5B00A4613F /* PBXContainerItemProxy */ = {
			isa = PBXContainerItemProxy;
			containerPortal = 03732F6824197F5B00A4613F /* CareKitUI.xcodeproj */;
			proxyType = 2;
			remoteGlobalIDString = 5174225B224185290054E97C;
			remoteInfo = CareKitUI;
		};
		03732F6F24197F5B00A4613F /* PBXContainerItemProxy */ = {
			isa = PBXContainerItemProxy;
			containerPortal = 03732F6824197F5B00A4613F /* CareKitUI.xcodeproj */;
			proxyType = 2;
			remoteGlobalIDString = 512B012E22C2F82900ABCB1D;
			remoteInfo = CareKitUITests;
		};
/* End PBXContainerItemProxy section */

/* Begin PBXCopyFilesBuildPhase section */
		03EEB92C241980AD002FA74E /* Embed Frameworks */ = {
			isa = PBXCopyFilesBuildPhase;
			buildActionMask = 2147483647;
			dstPath = "";
			dstSubfolderSpec = 10;
			files = (
				03EEB929241980AD002FA74E /* CareKitStore.framework in Embed Frameworks */,
				03EEB927241980AD002FA74E /* CareKit.framework in Embed Frameworks */,
				03EEB92B241980AD002FA74E /* CareKitUI.framework in Embed Frameworks */,
			);
			name = "Embed Frameworks";
			runOnlyForDeploymentPostprocessing = 0;
		};
/* End PBXCopyFilesBuildPhase section */

/* Begin PBXFileReference section */
		035EF8FF24196924005E2943 /* CareSync.app */ = {isa = PBXFileReference; explicitFileType = wrapper.application; includeInIndex = 0; path = CareSync.app; sourceTree = BUILT_PRODUCTS_DIR; };
		035EF90224196924005E2943 /* AppDelegate.swift */ = {isa = PBXFileReference; lastKnownFileType = sourcecode.swift; path = AppDelegate.swift; sourceTree = "<group>"; };
		035EF90424196924005E2943 /* SceneDelegate.swift */ = {isa = PBXFileReference; lastKnownFileType = sourcecode.swift; path = SceneDelegate.swift; sourceTree = "<group>"; };
		035EF90824196927005E2943 /* Assets.xcassets */ = {isa = PBXFileReference; lastKnownFileType = folder.assetcatalog; path = Assets.xcassets; sourceTree = "<group>"; };
		035EF90B24196927005E2943 /* Preview Assets.xcassets */ = {isa = PBXFileReference; lastKnownFileType = folder.assetcatalog; path = "Preview Assets.xcassets"; sourceTree = "<group>"; };
		035EF90E24196927005E2943 /* Base */ = {isa = PBXFileReference; lastKnownFileType = file.storyboard; name = Base; path = Base.lproj/LaunchScreen.storyboard; sourceTree = "<group>"; };
		035EF91024196927005E2943 /* Info.plist */ = {isa = PBXFileReference; lastKnownFileType = text.plist.xml; path = Info.plist; sourceTree = "<group>"; };
		035EF91E24196A53005E2943 /* CareViewController.swift */ = {isa = PBXFileReference; lastKnownFileType = sourcecode.swift; path = CareViewController.swift; sourceTree = "<group>"; };
		03732F5424197F4E00A4613F /* CareKit.xcodeproj */ = {isa = PBXFileReference; lastKnownFileType = "wrapper.pb-project"; name = CareKit.xcodeproj; path = "CareKit-Private/CareKit/CareKit.xcodeproj"; sourceTree = "<group>"; };
		03732F5F24197F5400A4613F /* CareKitStore.xcodeproj */ = {isa = PBXFileReference; lastKnownFileType = "wrapper.pb-project"; name = CareKitStore.xcodeproj; path = "CareKit-Private/CareKitStore/CareKitStore.xcodeproj"; sourceTree = "<group>"; };
		03732F6824197F5B00A4613F /* CareKitUI.xcodeproj */ = {isa = PBXFileReference; lastKnownFileType = "wrapper.pb-project"; name = CareKitUI.xcodeproj; path = "CareKit-Private/CareKitUI/CareKitUI.xcodeproj"; sourceTree = "<group>"; };
		03EEB935241985D2002FA74E /* SyncViewController.swift */ = {isa = PBXFileReference; lastKnownFileType = sourcecode.swift; path = SyncViewController.swift; sourceTree = "<group>"; };
<<<<<<< HEAD
		F392641C245DFE50003EA100 /* HTTPStatusCode.swift */ = {isa = PBXFileReference; fileEncoding = 4; lastKnownFileType = sourcecode.swift; name = HTTPStatusCode.swift; path = ../../Sources/CareKitHyperProtectSDK/HTTPStatusCode.swift; sourceTree = "<group>"; };
=======
<<<<<<< HEAD
		F30A8B46244FADFB00DF36D5 /* HTTPStatusCode.swift */ = {isa = PBXFileReference; fileEncoding = 4; lastKnownFileType = sourcecode.swift; name = HTTPStatusCode.swift; path = ../../Sources/CareKitHyperProtectSDK/HTTPStatusCode.swift; sourceTree = "<group>"; };
=======
		03FEA6F0244FB36000834C2C /* IBMMongoRemote.swift */ = {isa = PBXFileReference; fileEncoding = 4; lastKnownFileType = sourcecode.swift; path = IBMMongoRemote.swift; sourceTree = "<group>"; };
		03FEA6F1244FB36000834C2C /* HTTPStatusCode.swift */ = {isa = PBXFileReference; fileEncoding = 4; lastKnownFileType = sourcecode.swift; path = HTTPStatusCode.swift; sourceTree = "<group>"; };
>>>>>>> 0834db1d30e8668628741dd8968854ecbbb6e428
>>>>>>> origin/tests
/* End PBXFileReference section */

/* Begin PBXFrameworksBuildPhase section */
		035EF8FC24196924005E2943 /* Frameworks */ = {
			isa = PBXFrameworksBuildPhase;
			buildActionMask = 2147483647;
			files = (
				03EEB92A241980AD002FA74E /* CareKitUI.framework in Frameworks */,
				03EEB928241980AD002FA74E /* CareKitStore.framework in Frameworks */,
				03EEB926241980AD002FA74E /* CareKit.framework in Frameworks */,
			);
			runOnlyForDeploymentPostprocessing = 0;
		};
/* End PBXFrameworksBuildPhase section */

/* Begin PBXGroup section */
		035EF8F624196924005E2943 = {
			isa = PBXGroup;
			children = (
				03732F6824197F5B00A4613F /* CareKitUI.xcodeproj */,
				03732F5F24197F5400A4613F /* CareKitStore.xcodeproj */,
				03732F5424197F4E00A4613F /* CareKit.xcodeproj */,
				035EF90124196924005E2943 /* CareSync */,
				035EF90024196924005E2943 /* Products */,
				035EF92224196AEB005E2943 /* Frameworks */,
			);
			sourceTree = "<group>";
		};
		035EF90024196924005E2943 /* Products */ = {
			isa = PBXGroup;
			children = (
				035EF8FF24196924005E2943 /* CareSync.app */,
			);
			name = Products;
			sourceTree = "<group>";
		};
		035EF90124196924005E2943 /* CareSync */ = {
			isa = PBXGroup;
			children = (
<<<<<<< HEAD
				F392641C245DFE50003EA100 /* HTTPStatusCode.swift */,
=======
<<<<<<< HEAD
				F30A8B46244FADFB00DF36D5 /* HTTPStatusCode.swift */,
=======
				03FEA6EF244FB36000834C2C /* CareKitHyperProtectSDK */,
>>>>>>> 0834db1d30e8668628741dd8968854ecbbb6e428
>>>>>>> origin/tests
				035EF90224196924005E2943 /* AppDelegate.swift */,
				035EF90424196924005E2943 /* SceneDelegate.swift */,
				035EF91E24196A53005E2943 /* CareViewController.swift */,
				03EEB935241985D2002FA74E /* SyncViewController.swift */,
				035EF90824196927005E2943 /* Assets.xcassets */,
				035EF90D24196927005E2943 /* LaunchScreen.storyboard */,
				035EF91024196927005E2943 /* Info.plist */,
				035EF90A24196927005E2943 /* Preview Content */,
			);
			path = CareSync;
			sourceTree = "<group>";
		};
		035EF90A24196927005E2943 /* Preview Content */ = {
			isa = PBXGroup;
			children = (
				035EF90B24196927005E2943 /* Preview Assets.xcassets */,
			);
			path = "Preview Content";
			sourceTree = "<group>";
		};
		035EF92224196AEB005E2943 /* Frameworks */ = {
			isa = PBXGroup;
			children = (
			);
			name = Frameworks;
			sourceTree = "<group>";
		};
		03732F5524197F4E00A4613F /* Products */ = {
			isa = PBXGroup;
			children = (
				03732F5C24197F4E00A4613F /* CareKit.framework */,
				03732F5E24197F4E00A4613F /* CareKitTests.xctest */,
			);
			name = Products;
			sourceTree = "<group>";
		};
		03732F6024197F5400A4613F /* Products */ = {
			isa = PBXGroup;
			children = (
				03732F6524197F5400A4613F /* CareKitStore.framework */,
				03732F6724197F5400A4613F /* CareKitStoreTests.xctest */,
			);
			name = Products;
			sourceTree = "<group>";
		};
		03732F6924197F5B00A4613F /* Products */ = {
			isa = PBXGroup;
			children = (
				03732F6E24197F5B00A4613F /* CareKitUI.framework */,
				03732F7024197F5B00A4613F /* CareKitUITests.xctest */,
			);
			name = Products;
			sourceTree = "<group>";
		};
		03FEA6EF244FB36000834C2C /* CareKitHyperProtectSDK */ = {
			isa = PBXGroup;
			children = (
				03FEA6F0244FB36000834C2C /* IBMMongoRemote.swift */,
				03FEA6F1244FB36000834C2C /* HTTPStatusCode.swift */,
			);
			name = CareKitHyperProtectSDK;
			path = ../../Sources/CareKitHyperProtectSDK;
			sourceTree = "<group>";
		};
/* End PBXGroup section */

/* Begin PBXNativeTarget section */
		035EF8FE24196924005E2943 /* CareSync */ = {
			isa = PBXNativeTarget;
			buildConfigurationList = 035EF91324196927005E2943 /* Build configuration list for PBXNativeTarget "CareSync" */;
			buildPhases = (
				035EF8FB24196924005E2943 /* Sources */,
				035EF8FC24196924005E2943 /* Frameworks */,
				035EF8FD24196924005E2943 /* Resources */,
				03EEB92C241980AD002FA74E /* Embed Frameworks */,
			);
			buildRules = (
			);
			dependencies = (
			);
			name = CareSync;
			packageProductDependencies = (
			);
			productName = CareSync;
			productReference = 035EF8FF24196924005E2943 /* CareSync.app */;
			productType = "com.apple.product-type.application";
		};
/* End PBXNativeTarget section */

/* Begin PBXProject section */
		035EF8F724196924005E2943 /* Project object */ = {
			isa = PBXProject;
			attributes = {
				LastSwiftUpdateCheck = 1100;
				LastUpgradeCheck = 1100;
				ORGANIZATIONNAME = "Erik Hornberger";
				TargetAttributes = {
					035EF8FE24196924005E2943 = {
						CreatedOnToolsVersion = 11.0;
					};
				};
			};
			buildConfigurationList = 035EF8FA24196924005E2943 /* Build configuration list for PBXProject "CareSync" */;
			compatibilityVersion = "Xcode 9.3";
			developmentRegion = en;
			hasScannedForEncodings = 0;
			knownRegions = (
				en,
				Base,
			);
			mainGroup = 035EF8F624196924005E2943;
			packageReferences = (
			);
			productRefGroup = 035EF90024196924005E2943 /* Products */;
			projectDirPath = "";
			projectReferences = (
				{
					ProductGroup = 03732F5524197F4E00A4613F /* Products */;
					ProjectRef = 03732F5424197F4E00A4613F /* CareKit.xcodeproj */;
				},
				{
					ProductGroup = 03732F6024197F5400A4613F /* Products */;
					ProjectRef = 03732F5F24197F5400A4613F /* CareKitStore.xcodeproj */;
				},
				{
					ProductGroup = 03732F6924197F5B00A4613F /* Products */;
					ProjectRef = 03732F6824197F5B00A4613F /* CareKitUI.xcodeproj */;
				},
			);
			projectRoot = "";
			targets = (
				035EF8FE24196924005E2943 /* CareSync */,
			);
		};
/* End PBXProject section */

/* Begin PBXReferenceProxy section */
		03732F5C24197F4E00A4613F /* CareKit.framework */ = {
			isa = PBXReferenceProxy;
			fileType = wrapper.framework;
			path = CareKit.framework;
			remoteRef = 03732F5B24197F4E00A4613F /* PBXContainerItemProxy */;
			sourceTree = BUILT_PRODUCTS_DIR;
		};
		03732F5E24197F4E00A4613F /* CareKitTests.xctest */ = {
			isa = PBXReferenceProxy;
			fileType = wrapper.cfbundle;
			path = CareKitTests.xctest;
			remoteRef = 03732F5D24197F4E00A4613F /* PBXContainerItemProxy */;
			sourceTree = BUILT_PRODUCTS_DIR;
		};
		03732F6524197F5400A4613F /* CareKitStore.framework */ = {
			isa = PBXReferenceProxy;
			fileType = wrapper.framework;
			path = CareKitStore.framework;
			remoteRef = 03732F6424197F5400A4613F /* PBXContainerItemProxy */;
			sourceTree = BUILT_PRODUCTS_DIR;
		};
		03732F6724197F5400A4613F /* CareKitStoreTests.xctest */ = {
			isa = PBXReferenceProxy;
			fileType = wrapper.cfbundle;
			path = CareKitStoreTests.xctest;
			remoteRef = 03732F6624197F5400A4613F /* PBXContainerItemProxy */;
			sourceTree = BUILT_PRODUCTS_DIR;
		};
		03732F6E24197F5B00A4613F /* CareKitUI.framework */ = {
			isa = PBXReferenceProxy;
			fileType = wrapper.framework;
			path = CareKitUI.framework;
			remoteRef = 03732F6D24197F5B00A4613F /* PBXContainerItemProxy */;
			sourceTree = BUILT_PRODUCTS_DIR;
		};
		03732F7024197F5B00A4613F /* CareKitUITests.xctest */ = {
			isa = PBXReferenceProxy;
			fileType = wrapper.cfbundle;
			path = CareKitUITests.xctest;
			remoteRef = 03732F6F24197F5B00A4613F /* PBXContainerItemProxy */;
			sourceTree = BUILT_PRODUCTS_DIR;
		};
/* End PBXReferenceProxy section */

/* Begin PBXResourcesBuildPhase section */
		035EF8FD24196924005E2943 /* Resources */ = {
			isa = PBXResourcesBuildPhase;
			buildActionMask = 2147483647;
			files = (
				035EF90F24196927005E2943 /* LaunchScreen.storyboard in Resources */,
				035EF90C24196927005E2943 /* Preview Assets.xcassets in Resources */,
				035EF90924196927005E2943 /* Assets.xcassets in Resources */,
			);
			runOnlyForDeploymentPostprocessing = 0;
		};
/* End PBXResourcesBuildPhase section */

/* Begin PBXSourcesBuildPhase section */
		035EF8FB24196924005E2943 /* Sources */ = {
			isa = PBXSourcesBuildPhase;
			buildActionMask = 2147483647;
			files = (
<<<<<<< HEAD
				F3926423245DFE50003EA100 /* HTTPStatusCode.swift in Sources */,
=======
				F30A8B4D244FADFB00DF36D5 /* HTTPStatusCode.swift in Sources */,
>>>>>>> origin/tests
				035EF90324196924005E2943 /* AppDelegate.swift in Sources */,
				03FEA6F8244FB36000834C2C /* IBMMongoRemote.swift in Sources */,
				035EF91F24196A53005E2943 /* CareViewController.swift in Sources */,
				035EF90524196924005E2943 /* SceneDelegate.swift in Sources */,
				03EEB936241985D2002FA74E /* SyncViewController.swift in Sources */,
				03FEA6F9244FB36000834C2C /* HTTPStatusCode.swift in Sources */,
			);
			runOnlyForDeploymentPostprocessing = 0;
		};
/* End PBXSourcesBuildPhase section */

/* Begin PBXVariantGroup section */
		035EF90D24196927005E2943 /* LaunchScreen.storyboard */ = {
			isa = PBXVariantGroup;
			children = (
				035EF90E24196927005E2943 /* Base */,
			);
			name = LaunchScreen.storyboard;
			sourceTree = "<group>";
		};
/* End PBXVariantGroup section */

/* Begin XCBuildConfiguration section */
		035EF91124196927005E2943 /* Debug */ = {
			isa = XCBuildConfiguration;
			buildSettings = {
				ALWAYS_SEARCH_USER_PATHS = NO;
				CLANG_ANALYZER_NONNULL = YES;
				CLANG_ANALYZER_NUMBER_OBJECT_CONVERSION = YES_AGGRESSIVE;
				CLANG_CXX_LANGUAGE_STANDARD = "gnu++14";
				CLANG_CXX_LIBRARY = "libc++";
				CLANG_ENABLE_MODULES = YES;
				CLANG_ENABLE_OBJC_ARC = YES;
				CLANG_ENABLE_OBJC_WEAK = YES;
				CLANG_WARN_BLOCK_CAPTURE_AUTORELEASING = YES;
				CLANG_WARN_BOOL_CONVERSION = YES;
				CLANG_WARN_COMMA = YES;
				CLANG_WARN_CONSTANT_CONVERSION = YES;
				CLANG_WARN_DEPRECATED_OBJC_IMPLEMENTATIONS = YES;
				CLANG_WARN_DIRECT_OBJC_ISA_USAGE = YES_ERROR;
				CLANG_WARN_DOCUMENTATION_COMMENTS = YES;
				CLANG_WARN_EMPTY_BODY = YES;
				CLANG_WARN_ENUM_CONVERSION = YES;
				CLANG_WARN_INFINITE_RECURSION = YES;
				CLANG_WARN_INT_CONVERSION = YES;
				CLANG_WARN_NON_LITERAL_NULL_CONVERSION = YES;
				CLANG_WARN_OBJC_IMPLICIT_RETAIN_SELF = YES;
				CLANG_WARN_OBJC_LITERAL_CONVERSION = YES;
				CLANG_WARN_OBJC_ROOT_CLASS = YES_ERROR;
				CLANG_WARN_RANGE_LOOP_ANALYSIS = YES;
				CLANG_WARN_STRICT_PROTOTYPES = YES;
				CLANG_WARN_SUSPICIOUS_MOVE = YES;
				CLANG_WARN_UNGUARDED_AVAILABILITY = YES_AGGRESSIVE;
				CLANG_WARN_UNREACHABLE_CODE = YES;
				CLANG_WARN__DUPLICATE_METHOD_MATCH = YES;
				COPY_PHASE_STRIP = NO;
				DEBUG_INFORMATION_FORMAT = dwarf;
				ENABLE_STRICT_OBJC_MSGSEND = YES;
				ENABLE_TESTABILITY = YES;
				GCC_C_LANGUAGE_STANDARD = gnu11;
				GCC_DYNAMIC_NO_PIC = NO;
				GCC_NO_COMMON_BLOCKS = YES;
				GCC_OPTIMIZATION_LEVEL = 0;
				GCC_PREPROCESSOR_DEFINITIONS = (
					"DEBUG=1",
					"$(inherited)",
				);
				GCC_WARN_64_TO_32_BIT_CONVERSION = YES;
				GCC_WARN_ABOUT_RETURN_TYPE = YES_ERROR;
				GCC_WARN_UNDECLARED_SELECTOR = YES;
				GCC_WARN_UNINITIALIZED_AUTOS = YES_AGGRESSIVE;
				GCC_WARN_UNUSED_FUNCTION = YES;
				GCC_WARN_UNUSED_VARIABLE = YES;
				IPHONEOS_DEPLOYMENT_TARGET = 13.1;
				MTL_ENABLE_DEBUG_INFO = INCLUDE_SOURCE;
				MTL_FAST_MATH = YES;
				ONLY_ACTIVE_ARCH = YES;
				SDKROOT = iphoneos;
				SWIFT_ACTIVE_COMPILATION_CONDITIONS = DEBUG;
				SWIFT_OPTIMIZATION_LEVEL = "-Onone";
			};
			name = Debug;
		};
		035EF91224196927005E2943 /* Release */ = {
			isa = XCBuildConfiguration;
			buildSettings = {
				ALWAYS_SEARCH_USER_PATHS = NO;
				CLANG_ANALYZER_NONNULL = YES;
				CLANG_ANALYZER_NUMBER_OBJECT_CONVERSION = YES_AGGRESSIVE;
				CLANG_CXX_LANGUAGE_STANDARD = "gnu++14";
				CLANG_CXX_LIBRARY = "libc++";
				CLANG_ENABLE_MODULES = YES;
				CLANG_ENABLE_OBJC_ARC = YES;
				CLANG_ENABLE_OBJC_WEAK = YES;
				CLANG_WARN_BLOCK_CAPTURE_AUTORELEASING = YES;
				CLANG_WARN_BOOL_CONVERSION = YES;
				CLANG_WARN_COMMA = YES;
				CLANG_WARN_CONSTANT_CONVERSION = YES;
				CLANG_WARN_DEPRECATED_OBJC_IMPLEMENTATIONS = YES;
				CLANG_WARN_DIRECT_OBJC_ISA_USAGE = YES_ERROR;
				CLANG_WARN_DOCUMENTATION_COMMENTS = YES;
				CLANG_WARN_EMPTY_BODY = YES;
				CLANG_WARN_ENUM_CONVERSION = YES;
				CLANG_WARN_INFINITE_RECURSION = YES;
				CLANG_WARN_INT_CONVERSION = YES;
				CLANG_WARN_NON_LITERAL_NULL_CONVERSION = YES;
				CLANG_WARN_OBJC_IMPLICIT_RETAIN_SELF = YES;
				CLANG_WARN_OBJC_LITERAL_CONVERSION = YES;
				CLANG_WARN_OBJC_ROOT_CLASS = YES_ERROR;
				CLANG_WARN_RANGE_LOOP_ANALYSIS = YES;
				CLANG_WARN_STRICT_PROTOTYPES = YES;
				CLANG_WARN_SUSPICIOUS_MOVE = YES;
				CLANG_WARN_UNGUARDED_AVAILABILITY = YES_AGGRESSIVE;
				CLANG_WARN_UNREACHABLE_CODE = YES;
				CLANG_WARN__DUPLICATE_METHOD_MATCH = YES;
				COPY_PHASE_STRIP = NO;
				DEBUG_INFORMATION_FORMAT = "dwarf-with-dsym";
				ENABLE_NS_ASSERTIONS = NO;
				ENABLE_STRICT_OBJC_MSGSEND = YES;
				GCC_C_LANGUAGE_STANDARD = gnu11;
				GCC_NO_COMMON_BLOCKS = YES;
				GCC_WARN_64_TO_32_BIT_CONVERSION = YES;
				GCC_WARN_ABOUT_RETURN_TYPE = YES_ERROR;
				GCC_WARN_UNDECLARED_SELECTOR = YES;
				GCC_WARN_UNINITIALIZED_AUTOS = YES_AGGRESSIVE;
				GCC_WARN_UNUSED_FUNCTION = YES;
				GCC_WARN_UNUSED_VARIABLE = YES;
				IPHONEOS_DEPLOYMENT_TARGET = 13.1;
				MTL_ENABLE_DEBUG_INFO = NO;
				MTL_FAST_MATH = YES;
				SDKROOT = iphoneos;
				SWIFT_COMPILATION_MODE = wholemodule;
				SWIFT_OPTIMIZATION_LEVEL = "-O";
				VALIDATE_PRODUCT = YES;
			};
			name = Release;
		};
		035EF91424196927005E2943 /* Debug */ = {
			isa = XCBuildConfiguration;
			buildSettings = {
				ASSETCATALOG_COMPILER_APPICON_NAME = AppIcon;
				CODE_SIGN_STYLE = Automatic;
				DEVELOPMENT_ASSET_PATHS = "\"CareSync/Preview Content\"";
				ENABLE_PREVIEWS = YES;
				INFOPLIST_FILE = CareSync/Info.plist;
				LD_RUNPATH_SEARCH_PATHS = (
					"$(inherited)",
					"@executable_path/Frameworks",
				);
				PRODUCT_BUNDLE_IDENTIFIER = com.HSPG.CareSync;
				PRODUCT_NAME = "$(TARGET_NAME)";
				SWIFT_VERSION = 5.0;
				TARGETED_DEVICE_FAMILY = "1,2";
			};
			name = Debug;
		};
		035EF91524196927005E2943 /* Release */ = {
			isa = XCBuildConfiguration;
			buildSettings = {
				ASSETCATALOG_COMPILER_APPICON_NAME = AppIcon;
				CODE_SIGN_STYLE = Automatic;
				DEVELOPMENT_ASSET_PATHS = "\"CareSync/Preview Content\"";
				ENABLE_PREVIEWS = YES;
				INFOPLIST_FILE = CareSync/Info.plist;
				LD_RUNPATH_SEARCH_PATHS = (
					"$(inherited)",
					"@executable_path/Frameworks",
				);
				PRODUCT_BUNDLE_IDENTIFIER = com.HSPG.CareSync;
				PRODUCT_NAME = "$(TARGET_NAME)";
				SWIFT_VERSION = 5.0;
				TARGETED_DEVICE_FAMILY = "1,2";
			};
			name = Release;
		};
/* End XCBuildConfiguration section */

/* Begin XCConfigurationList section */
		035EF8FA24196924005E2943 /* Build configuration list for PBXProject "CareSync" */ = {
			isa = XCConfigurationList;
			buildConfigurations = (
				035EF91124196927005E2943 /* Debug */,
				035EF91224196927005E2943 /* Release */,
			);
			defaultConfigurationIsVisible = 0;
			defaultConfigurationName = Release;
		};
		035EF91324196927005E2943 /* Build configuration list for PBXNativeTarget "CareSync" */ = {
			isa = XCConfigurationList;
			buildConfigurations = (
				035EF91424196927005E2943 /* Debug */,
				035EF91524196927005E2943 /* Release */,
			);
			defaultConfigurationIsVisible = 0;
			defaultConfigurationName = Release;
		};
/* End XCConfigurationList section */
	};
	rootObject = 035EF8F724196924005E2943 /* Project object */;
}
