{
  "object": {
    "pins": [
      {
        "package": "BSON",
        "repositoryURL": "https://github.com/OpenKitten/BSON.git",
        "state": {
          "branch": null,
          "revision": "9da77f12d77b727a02299eb62bb75c84391352af",
          "version": "7.0.15"
        }
      },
      {
        "package": "MongoKitten",
        "repositoryURL": "git@github.com:OpenKitten/MongoKitten.git",
        "state": {
          "branch": null,
          "revision": "3706cfab07a78443e1b51d44abde549db7ec8bfb",
          "version": "6.2.0"
        }
      },
      {
        "package": "DNSClient",
        "repositoryURL": "https://github.com/openkitten/NioDNS.git",
        "state": {
          "branch": null,
          "revision": "573159c63fa3dd7a01c5df3789ca917f0c816f9a",
          "version": "2.0.0"
        }
      },
      {
        "package": "swift-log",
        "repositoryURL": "https://github.com/apple/swift-log.git",
        "state": {
          "branch": null,
          "revision": "74d7b91ceebc85daf387ebb206003f78813f71aa",
          "version": "1.2.0"
        }
      },
      {
        "package": "swift-metrics",
        "repositoryURL": "https://github.com/apple/swift-metrics.git",
        "state": {
          "branch": null,
          "revision": "708b960b4605abb20bc55d65abf6bad607252200",
          "version": "2.0.0"
        }
      },
      {
        "package": "swift-nio",
        "repositoryURL": "https://github.com/apple/swift-nio.git",
        "state": {
          "branch": null,
          "revision": "16ab4d657e1ad4e77bd5f8b94af8538561643053",
          "version": "2.14.0"
        }
      },
      {
        "package": "swift-nio-ssl",
        "repositoryURL": "https://github.com/apple/swift-nio-ssl.git",
        "state": {
          "branch": null,
          "revision": "af46d9b58fafbb76f9b01177568d435a1b024f99",
          "version": "2.6.2"
        }
      }
    ]
  },
  "version": 1
}
